// !$*UTF8*$!
{
	archiveVersion = 1;
	classes = {
	};
	objectVersion = 46;
	objects = {

/* Begin PBXBuildFile section */
		40D88C071E24BBCB0015F0FC /* main.m in Sources */ = {isa = PBXBuildFile; fileRef = 40D88C061E24BBCB0015F0FC /* main.m */; };
		40D88C0A1E24BBCB0015F0FC /* AppDelegate.m in Sources */ = {isa = PBXBuildFile; fileRef = 40D88C091E24BBCB0015F0FC /* AppDelegate.m */; };
		40D88C101E24BBCB0015F0FC /* Main.storyboard in Resources */ = {isa = PBXBuildFile; fileRef = 40D88C0E1E24BBCB0015F0FC /* Main.storyboard */; };
		40D88C121E24BBCB0015F0FC /* Assets.xcassets in Resources */ = {isa = PBXBuildFile; fileRef = 40D88C111E24BBCB0015F0FC /* Assets.xcassets */; };
		40D88C151E24BBCB0015F0FC /* LaunchScreen.storyboard in Resources */ = {isa = PBXBuildFile; fileRef = 40D88C131E24BBCB0015F0FC /* LaunchScreen.storyboard */; };
		40D88C201E24BBCB0015F0FC /* SelectTableViewDemoTests.m in Sources */ = {isa = PBXBuildFile; fileRef = 40D88C1F1E24BBCB0015F0FC /* SelectTableViewDemoTests.m */; };
		40D88C2B1E24BBCB0015F0FC /* SelectTableViewDemoUITests.m in Sources */ = {isa = PBXBuildFile; fileRef = 40D88C2A1E24BBCB0015F0FC /* SelectTableViewDemoUITests.m */; };
		40D88C3A1E24C0440015F0FC /* UIView+SetRect.m in Sources */ = {isa = PBXBuildFile; fileRef = 40D88C391E24C0440015F0FC /* UIView+SetRect.m */; };
		40D88C3D1E24C55B0015F0FC /* CustomCell.m in Sources */ = {isa = PBXBuildFile; fileRef = 40D88C3C1E24C55B0015F0FC /* CustomCell.m */; };
		40D88C401E24C5690015F0FC /* CellDataAdapter.m in Sources */ = {isa = PBXBuildFile; fileRef = 40D88C3F1E24C5690015F0FC /* CellDataAdapter.m */; };
		40D88C4C1E26223D0015F0FC /* BaseViewController.m in Sources */ = {isa = PBXBuildFile; fileRef = 40D88C4B1E26223D0015F0FC /* BaseViewController.m */; };
		40D88C4F1E2759B10015F0FC /* ChooseModel.m in Sources */ = {isa = PBXBuildFile; fileRef = 40D88C4E1E2759B10015F0FC /* ChooseModel.m */; };
		40D88C531E275BB50015F0FC /* ChooseModelCell.m in Sources */ = {isa = PBXBuildFile; fileRef = 40D88C521E275BB50015F0FC /* ChooseModelCell.m */; };
		40D88C561E2775C10015F0FC /* ChooseItemViewController.m in Sources */ = {isa = PBXBuildFile; fileRef = 40D88C551E2775C10015F0FC /* ChooseItemViewController.m */; };
/* End PBXBuildFile section */

/* Begin PBXContainerItemProxy section */
		40D88C1C1E24BBCB0015F0FC /* PBXContainerItemProxy */ = {
			isa = PBXContainerItemProxy;
			containerPortal = 40D88BFA1E24BBCB0015F0FC /* Project object */;
			proxyType = 1;
			remoteGlobalIDString = 40D88C011E24BBCB0015F0FC;
			remoteInfo = SelectTableViewDemo;
		};
		40D88C271E24BBCB0015F0FC /* PBXContainerItemProxy */ = {
			isa = PBXContainerItemProxy;
			containerPortal = 40D88BFA1E24BBCB0015F0FC /* Project object */;
			proxyType = 1;
			remoteGlobalIDString = 40D88C011E24BBCB0015F0FC;
			remoteInfo = SelectTableViewDemo;
		};
/* End PBXContainerItemProxy section */

/* Begin PBXFileReference section */
		40D88C021E24BBCB0015F0FC /* SelectTableViewDemo.app */ = {isa = PBXFileReference; explicitFileType = wrapper.application; includeInIndex = 0; path = SelectTableViewDemo.app; sourceTree = BUILT_PRODUCTS_DIR; };
		40D88C061E24BBCB0015F0FC /* main.m */ = {isa = PBXFileReference; lastKnownFileType = sourcecode.c.objc; path = main.m; sourceTree = "<group>"; };
		40D88C081E24BBCB0015F0FC /* AppDelegate.h */ = {isa = PBXFileReference; lastKnownFileType = sourcecode.c.h; path = AppDelegate.h; sourceTree = "<group>"; };
		40D88C091E24BBCB0015F0FC /* AppDelegate.m */ = {isa = PBXFileReference; lastKnownFileType = sourcecode.c.objc; path = AppDelegate.m; sourceTree = "<group>"; };
		40D88C0F1E24BBCB0015F0FC /* Base */ = {isa = PBXFileReference; lastKnownFileType = file.storyboard; name = Base; path = Base.lproj/Main.storyboard; sourceTree = "<group>"; };
		40D88C111E24BBCB0015F0FC /* Assets.xcassets */ = {isa = PBXFileReference; lastKnownFileType = folder.assetcatalog; path = Assets.xcassets; sourceTree = "<group>"; };
		40D88C141E24BBCB0015F0FC /* Base */ = {isa = PBXFileReference; lastKnownFileType = file.storyboard; name = Base; path = Base.lproj/LaunchScreen.storyboard; sourceTree = "<group>"; };
		40D88C161E24BBCB0015F0FC /* Info.plist */ = {isa = PBXFileReference; lastKnownFileType = text.plist.xml; path = Info.plist; sourceTree = "<group>"; };
		40D88C1B1E24BBCB0015F0FC /* SelectTableViewDemoTests.xctest */ = {isa = PBXFileReference; explicitFileType = wrapper.cfbundle; includeInIndex = 0; path = SelectTableViewDemoTests.xctest; sourceTree = BUILT_PRODUCTS_DIR; };
		40D88C1F1E24BBCB0015F0FC /* SelectTableViewDemoTests.m */ = {isa = PBXFileReference; lastKnownFileType = sourcecode.c.objc; path = SelectTableViewDemoTests.m; sourceTree = "<group>"; };
		40D88C211E24BBCB0015F0FC /* Info.plist */ = {isa = PBXFileReference; lastKnownFileType = text.plist.xml; path = Info.plist; sourceTree = "<group>"; };
		40D88C261E24BBCB0015F0FC /* SelectTableViewDemoUITests.xctest */ = {isa = PBXFileReference; explicitFileType = wrapper.cfbundle; includeInIndex = 0; path = SelectTableViewDemoUITests.xctest; sourceTree = BUILT_PRODUCTS_DIR; };
		40D88C2A1E24BBCB0015F0FC /* SelectTableViewDemoUITests.m */ = {isa = PBXFileReference; lastKnownFileType = sourcecode.c.objc; path = SelectTableViewDemoUITests.m; sourceTree = "<group>"; };
		40D88C2C1E24BBCB0015F0FC /* Info.plist */ = {isa = PBXFileReference; lastKnownFileType = text.plist.xml; path = Info.plist; sourceTree = "<group>"; };
		40D88C381E24C0440015F0FC /* UIView+SetRect.h */ = {isa = PBXFileReference; fileEncoding = 4; lastKnownFileType = sourcecode.c.h; path = "UIView+SetRect.h"; sourceTree = "<group>"; };
		40D88C391E24C0440015F0FC /* UIView+SetRect.m */ = {isa = PBXFileReference; fileEncoding = 4; lastKnownFileType = sourcecode.c.objc; path = "UIView+SetRect.m"; sourceTree = "<group>"; };
		40D88C3B1E24C55B0015F0FC /* CustomCell.h */ = {isa = PBXFileReference; fileEncoding = 4; lastKnownFileType = sourcecode.c.h; path = CustomCell.h; sourceTree = "<group>"; };
		40D88C3C1E24C55B0015F0FC /* CustomCell.m */ = {isa = PBXFileReference; fileEncoding = 4; lastKnownFileType = sourcecode.c.objc; path = CustomCell.m; sourceTree = "<group>"; };
		40D88C3E1E24C5690015F0FC /* CellDataAdapter.h */ = {isa = PBXFileReference; fileEncoding = 4; lastKnownFileType = sourcecode.c.h; path = CellDataAdapter.h; sourceTree = "<group>"; };
		40D88C3F1E24C5690015F0FC /* CellDataAdapter.m */ = {isa = PBXFileReference; fileEncoding = 4; lastKnownFileType = sourcecode.c.objc; path = CellDataAdapter.m; sourceTree = "<group>"; };
		40D88C4A1E26223D0015F0FC /* BaseViewController.h */ = {isa = PBXFileReference; fileEncoding = 4; lastKnownFileType = sourcecode.c.h; path = BaseViewController.h; sourceTree = "<group>"; };
		40D88C4B1E26223D0015F0FC /* BaseViewController.m */ = {isa = PBXFileReference; fileEncoding = 4; lastKnownFileType = sourcecode.c.objc; path = BaseViewController.m; sourceTree = "<group>"; };
		40D88C4D1E2759B10015F0FC /* ChooseModel.h */ = {isa = PBXFileReference; fileEncoding = 4; lastKnownFileType = sourcecode.c.h; path = ChooseModel.h; sourceTree = "<group>"; };
		40D88C4E1E2759B10015F0FC /* ChooseModel.m */ = {isa = PBXFileReference; fileEncoding = 4; lastKnownFileType = sourcecode.c.objc; path = ChooseModel.m; sourceTree = "<group>"; };
		40D88C511E275BB50015F0FC /* ChooseModelCell.h */ = {isa = PBXFileReference; fileEncoding = 4; lastKnownFileType = sourcecode.c.h; path = ChooseModelCell.h; sourceTree = "<group>"; };
		40D88C521E275BB50015F0FC /* ChooseModelCell.m */ = {isa = PBXFileReference; fileEncoding = 4; lastKnownFileType = sourcecode.c.objc; path = ChooseModelCell.m; sourceTree = "<group>"; };
		40D88C541E2775C10015F0FC /* ChooseItemViewController.h */ = {isa = PBXFileReference; fileEncoding = 4; lastKnownFileType = sourcecode.c.h; path = ChooseItemViewController.h; sourceTree = "<group>"; };
		40D88C551E2775C10015F0FC /* ChooseItemViewController.m */ = {isa = PBXFileReference; fileEncoding = 4; lastKnownFileType = sourcecode.c.objc; path = ChooseItemViewController.m; sourceTree = "<group>"; };
/* End PBXFileReference section */

/* Begin PBXFrameworksBuildPhase section */
		40D88BFF1E24BBCB0015F0FC /* Frameworks */ = {
			isa = PBXFrameworksBuildPhase;
			buildActionMask = 2147483647;
			files = (
			);
			runOnlyForDeploymentPostprocessing = 0;
		};
		40D88C181E24BBCB0015F0FC /* Frameworks */ = {
			isa = PBXFrameworksBuildPhase;
			buildActionMask = 2147483647;
			files = (
			);
			runOnlyForDeploymentPostprocessing = 0;
		};
		40D88C231E24BBCB0015F0FC /* Frameworks */ = {
			isa = PBXFrameworksBuildPhase;
			buildActionMask = 2147483647;
			files = (
			);
			runOnlyForDeploymentPostprocessing = 0;
		};
/* End PBXFrameworksBuildPhase section */

/* Begin PBXGroup section */
		40D88BF91E24BBCB0015F0FC = {
			isa = PBXGroup;
			children = (
				40D88C041E24BBCB0015F0FC /* SelectTableViewDemo */,
				40D88C1E1E24BBCB0015F0FC /* SelectTableViewDemoTests */,
				40D88C291E24BBCB0015F0FC /* SelectTableViewDemoUITests */,
				40D88C031E24BBCB0015F0FC /* Products */,
			);
			sourceTree = "<group>";
		};
		40D88C031E24BBCB0015F0FC /* Products */ = {
			isa = PBXGroup;
			children = (
				40D88C021E24BBCB0015F0FC /* SelectTableViewDemo.app */,
				40D88C1B1E24BBCB0015F0FC /* SelectTableViewDemoTests.xctest */,
				40D88C261E24BBCB0015F0FC /* SelectTableViewDemoUITests.xctest */,
			);
			name = Products;
			sourceTree = "<group>";
		};
		40D88C041E24BBCB0015F0FC /* SelectTableViewDemo */ = {
			isa = PBXGroup;
			children = (
				40D88C081E24BBCB0015F0FC /* AppDelegate.h */,
				40D88C091E24BBCB0015F0FC /* AppDelegate.m */,
				40D88C4A1E26223D0015F0FC /* BaseViewController.h */,
				40D88C4B1E26223D0015F0FC /* BaseViewController.m */,
				40D88C501E2759BA0015F0FC /* 选择工具 */,
				40D88C411E24C8E30015F0FC /* 工具 */,
				40D88C0E1E24BBCB0015F0FC /* Main.storyboard */,
				40D88C111E24BBCB0015F0FC /* Assets.xcassets */,
				40D88C131E24BBCB0015F0FC /* LaunchScreen.storyboard */,
				40D88C161E24BBCB0015F0FC /* Info.plist */,
				40D88C051E24BBCB0015F0FC /* Supporting Files */,
			);
			path = SelectTableViewDemo;
			sourceTree = "<group>";
		};
		40D88C051E24BBCB0015F0FC /* Supporting Files */ = {
			isa = PBXGroup;
			children = (
				40D88C061E24BBCB0015F0FC /* main.m */,
			);
			name = "Supporting Files";
			sourceTree = "<group>";
		};
		40D88C1E1E24BBCB0015F0FC /* SelectTableViewDemoTests */ = {
			isa = PBXGroup;
			children = (
				40D88C1F1E24BBCB0015F0FC /* SelectTableViewDemoTests.m */,
				40D88C211E24BBCB0015F0FC /* Info.plist */,
			);
			path = SelectTableViewDemoTests;
			sourceTree = "<group>";
		};
		40D88C291E24BBCB0015F0FC /* SelectTableViewDemoUITests */ = {
			isa = PBXGroup;
			children = (
				40D88C2A1E24BBCB0015F0FC /* SelectTableViewDemoUITests.m */,
				40D88C2C1E24BBCB0015F0FC /* Info.plist */,
			);
			path = SelectTableViewDemoUITests;
			sourceTree = "<group>";
		};
		40D88C411E24C8E30015F0FC /* 工具 */ = {
			isa = PBXGroup;
			children = (
				40D88C381E24C0440015F0FC /* UIView+SetRect.h */,
				40D88C391E24C0440015F0FC /* UIView+SetRect.m */,
				40D88C3E1E24C5690015F0FC /* CellDataAdapter.h */,
				40D88C3F1E24C5690015F0FC /* CellDataAdapter.m */,
				40D88C3B1E24C55B0015F0FC /* CustomCell.h */,
				40D88C3C1E24C55B0015F0FC /* CustomCell.m */,
			);
			name = "工具";
			sourceTree = "<group>";
		};
		40D88C501E2759BA0015F0FC /* 选择工具 */ = {
			isa = PBXGroup;
			children = (
				40D88C4D1E2759B10015F0FC /* ChooseModel.h */,
				40D88C4E1E2759B10015F0FC /* ChooseModel.m */,
				40D88C511E275BB50015F0FC /* ChooseModelCell.h */,
				40D88C521E275BB50015F0FC /* ChooseModelCell.m */,
				40D88C541E2775C10015F0FC /* ChooseItemViewController.h */,
				40D88C551E2775C10015F0FC /* ChooseItemViewController.m */,
			);
			name = "选择工具";
			sourceTree = "<group>";
		};
/* End PBXGroup section */

/* Begin PBXNativeTarget section */
		40D88C011E24BBCB0015F0FC /* SelectTableViewDemo */ = {
			isa = PBXNativeTarget;
			buildConfigurationList = 40D88C2F1E24BBCB0015F0FC /* Build configuration list for PBXNativeTarget "SelectTableViewDemo" */;
			buildPhases = (
				40D88BFE1E24BBCB0015F0FC /* Sources */,
				40D88BFF1E24BBCB0015F0FC /* Frameworks */,
				40D88C001E24BBCB0015F0FC /* Resources */,
			);
			buildRules = (
			);
			dependencies = (
			);
			name = SelectTableViewDemo;
			productName = SelectTableViewDemo;
			productReference = 40D88C021E24BBCB0015F0FC /* SelectTableViewDemo.app */;
			productType = "com.apple.product-type.application";
		};
		40D88C1A1E24BBCB0015F0FC /* SelectTableViewDemoTests */ = {
			isa = PBXNativeTarget;
			buildConfigurationList = 40D88C321E24BBCB0015F0FC /* Build configuration list for PBXNativeTarget "SelectTableViewDemoTests" */;
			buildPhases = (
				40D88C171E24BBCB0015F0FC /* Sources */,
				40D88C181E24BBCB0015F0FC /* Frameworks */,
				40D88C191E24BBCB0015F0FC /* Resources */,
			);
			buildRules = (
			);
			dependencies = (
				40D88C1D1E24BBCB0015F0FC /* PBXTargetDependency */,
			);
			name = SelectTableViewDemoTests;
			productName = SelectTableViewDemoTests;
			productReference = 40D88C1B1E24BBCB0015F0FC /* SelectTableViewDemoTests.xctest */;
			productType = "com.apple.product-type.bundle.unit-test";
		};
		40D88C251E24BBCB0015F0FC /* SelectTableViewDemoUITests */ = {
			isa = PBXNativeTarget;
			buildConfigurationList = 40D88C351E24BBCB0015F0FC /* Build configuration list for PBXNativeTarget "SelectTableViewDemoUITests" */;
			buildPhases = (
				40D88C221E24BBCB0015F0FC /* Sources */,
				40D88C231E24BBCB0015F0FC /* Frameworks */,
				40D88C241E24BBCB0015F0FC /* Resources */,
			);
			buildRules = (
			);
			dependencies = (
				40D88C281E24BBCB0015F0FC /* PBXTargetDependency */,
			);
			name = SelectTableViewDemoUITests;
			productName = SelectTableViewDemoUITests;
			productReference = 40D88C261E24BBCB0015F0FC /* SelectTableViewDemoUITests.xctest */;
			productType = "com.apple.product-type.bundle.ui-testing";
		};
/* End PBXNativeTarget section */

/* Begin PBXProject section */
		40D88BFA1E24BBCB0015F0FC /* Project object */ = {
			isa = PBXProject;
			attributes = {
				LastUpgradeCheck = 0820;
				ORGANIZATIONNAME = WangQiao;
				TargetAttributes = {
					40D88C011E24BBCB0015F0FC = {
						CreatedOnToolsVersion = 8.2.1;
						ProvisioningStyle = Automatic;
					};
					40D88C1A1E24BBCB0015F0FC = {
						CreatedOnToolsVersion = 8.2.1;
						ProvisioningStyle = Automatic;
						TestTargetID = 40D88C011E24BBCB0015F0FC;
					};
					40D88C251E24BBCB0015F0FC = {
						CreatedOnToolsVersion = 8.2.1;
						ProvisioningStyle = Automatic;
						TestTargetID = 40D88C011E24BBCB0015F0FC;
					};
				};
			};
			buildConfigurationList = 40D88BFD1E24BBCB0015F0FC /* Build configuration list for PBXProject "SelectTableViewDemo" */;
			compatibilityVersion = "Xcode 3.2";
			developmentRegion = English;
			hasScannedForEncodings = 0;
			knownRegions = (
				en,
				Base,
			);
			mainGroup = 40D88BF91E24BBCB0015F0FC;
			productRefGroup = 40D88C031E24BBCB0015F0FC /* Products */;
			projectDirPath = "";
			projectRoot = "";
			targets = (
				40D88C011E24BBCB0015F0FC /* SelectTableViewDemo */,
				40D88C1A1E24BBCB0015F0FC /* SelectTableViewDemoTests */,
				40D88C251E24BBCB0015F0FC /* SelectTableViewDemoUITests */,
			);
		};
/* End PBXProject section */

/* Begin PBXResourcesBuildPhase section */
		40D88C001E24BBCB0015F0FC /* Resources */ = {
			isa = PBXResourcesBuildPhase;
			buildActionMask = 2147483647;
			files = (
				40D88C151E24BBCB0015F0FC /* LaunchScreen.storyboard in Resources */,
				40D88C121E24BBCB0015F0FC /* Assets.xcassets in Resources */,
				40D88C101E24BBCB0015F0FC /* Main.storyboard in Resources */,
			);
			runOnlyForDeploymentPostprocessing = 0;
		};
		40D88C191E24BBCB0015F0FC /* Resources */ = {
			isa = PBXResourcesBuildPhase;
			buildActionMask = 2147483647;
			files = (
			);
			runOnlyForDeploymentPostprocessing = 0;
		};
		40D88C241E24BBCB0015F0FC /* Resources */ = {
			isa = PBXResourcesBuildPhase;
			buildActionMask = 2147483647;
			files = (
			);
			runOnlyForDeploymentPostprocessing = 0;
		};
/* End PBXResourcesBuildPhase section */

/* Begin PBXSourcesBuildPhase section */
		40D88BFE1E24BBCB0015F0FC /* Sources */ = {
			isa = PBXSourcesBuildPhase;
			buildActionMask = 2147483647;
			files = (
				40D88C561E2775C10015F0FC /* ChooseItemViewController.m in Sources */,
				40D88C4F1E2759B10015F0FC /* ChooseModel.m in Sources */,
				40D88C4C1E26223D0015F0FC /* BaseViewController.m in Sources */,
				40D88C3A1E24C0440015F0FC /* UIView+SetRect.m in Sources */,
				40D88C0A1E24BBCB0015F0FC /* AppDelegate.m in Sources */,
				40D88C401E24C5690015F0FC /* CellDataAdapter.m in Sources */,
				40D88C071E24BBCB0015F0FC /* main.m in Sources */,
				40D88C531E275BB50015F0FC /* ChooseModelCell.m in Sources */,
				40D88C3D1E24C55B0015F0FC /* CustomCell.m in Sources */,
			);
			runOnlyForDeploymentPostprocessing = 0;
		};
		40D88C171E24BBCB0015F0FC /* Sources */ = {
			isa = PBXSourcesBuildPhase;
			buildActionMask = 2147483647;
			files = (
				40D88C201E24BBCB0015F0FC /* SelectTableViewDemoTests.m in Sources */,
			);
			runOnlyForDeploymentPostprocessing = 0;
		};
		40D88C221E24BBCB0015F0FC /* Sources */ = {
			isa = PBXSourcesBuildPhase;
			buildActionMask = 2147483647;
			files = (
				40D88C2B1E24BBCB0015F0FC /* SelectTableViewDemoUITests.m in Sources */,
			);
			runOnlyForDeploymentPostprocessing = 0;
		};
/* End PBXSourcesBuildPhase section */

/* Begin PBXTargetDependency section */
		40D88C1D1E24BBCB0015F0FC /* PBXTargetDependency */ = {
			isa = PBXTargetDependency;
			target = 40D88C011E24BBCB0015F0FC /* SelectTableViewDemo */;
			targetProxy = 40D88C1C1E24BBCB0015F0FC /* PBXContainerItemProxy */;
		};
		40D88C281E24BBCB0015F0FC /* PBXTargetDependency */ = {
			isa = PBXTargetDependency;
			target = 40D88C011E24BBCB0015F0FC /* SelectTableViewDemo */;
			targetProxy = 40D88C271E24BBCB0015F0FC /* PBXContainerItemProxy */;
		};
/* End PBXTargetDependency section */

/* Begin PBXVariantGroup section */
		40D88C0E1E24BBCB0015F0FC /* Main.storyboard */ = {
			isa = PBXVariantGroup;
			children = (
				40D88C0F1E24BBCB0015F0FC /* Base */,
			);
			name = Main.storyboard;
			sourceTree = "<group>";
		};
		40D88C131E24BBCB0015F0FC /* LaunchScreen.storyboard */ = {
			isa = PBXVariantGroup;
			children = (
				40D88C141E24BBCB0015F0FC /* Base */,
			);
			name = LaunchScreen.storyboard;
			sourceTree = "<group>";
		};
/* End PBXVariantGroup section */

/* Begin XCBuildConfiguration section */
		40D88C2D1E24BBCB0015F0FC /* Debug */ = {
			isa = XCBuildConfiguration;
			buildSettings = {
				ALWAYS_SEARCH_USER_PATHS = NO;
				CLANG_ANALYZER_NONNULL = YES;
				CLANG_CXX_LANGUAGE_STANDARD = "gnu++0x";
				CLANG_CXX_LIBRARY = "libc++";
				CLANG_ENABLE_MODULES = YES;
				CLANG_ENABLE_OBJC_ARC = YES;
				CLANG_WARN_BOOL_CONVERSION = YES;
				CLANG_WARN_CONSTANT_CONVERSION = YES;
				CLANG_WARN_DIRECT_OBJC_ISA_USAGE = YES_ERROR;
				CLANG_WARN_DOCUMENTATION_COMMENTS = YES;
				CLANG_WARN_EMPTY_BODY = YES;
				CLANG_WARN_ENUM_CONVERSION = YES;
				CLANG_WARN_INFINITE_RECURSION = YES;
				CLANG_WARN_INT_CONVERSION = YES;
				CLANG_WARN_OBJC_ROOT_CLASS = YES_ERROR;
				CLANG_WARN_SUSPICIOUS_MOVE = YES;
				CLANG_WARN_UNREACHABLE_CODE = YES;
				CLANG_WARN__DUPLICATE_METHOD_MATCH = YES;
				"CODE_SIGN_IDENTITY[sdk=iphoneos*]" = "iPhone Developer";
				COPY_PHASE_STRIP = NO;
				DEBUG_INFORMATION_FORMAT = dwarf;
				ENABLE_STRICT_OBJC_MSGSEND = YES;
				ENABLE_TESTABILITY = YES;
				GCC_C_LANGUAGE_STANDARD = gnu99;
				GCC_DYNAMIC_NO_PIC = NO;
				GCC_NO_COMMON_BLOCKS = YES;
				GCC_OPTIMIZATION_LEVEL = 0;
				GCC_PREPROCESSOR_DEFINITIONS = (
					"DEBUG=1",
					"$(inherited)",
				);
				GCC_WARN_64_TO_32_BIT_CONVERSION = YES;
				GCC_WARN_ABOUT_RETURN_TYPE = YES_ERROR;
				GCC_WARN_UNDECLARED_SELECTOR = YES;
				GCC_WARN_UNINITIALIZED_AUTOS = YES_AGGRESSIVE;
				GCC_WARN_UNUSED_FUNCTION = YES;
				GCC_WARN_UNUSED_VARIABLE = YES;
				IPHONEOS_DEPLOYMENT_TARGET = 10.2;
				MTL_ENABLE_DEBUG_INFO = YES;
				ONLY_ACTIVE_ARCH = YES;
				SDKROOT = iphoneos;
				TARGETED_DEVICE_FAMILY = "1,2";
			};
			name = Debug;
		};
		40D88C2E1E24BBCB0015F0FC /* Release */ = {
			isa = XCBuildConfiguration;
			buildSettings = {
				ALWAYS_SEARCH_USER_PATHS = NO;
				CLANG_ANALYZER_NONNULL = YES;
				CLANG_CXX_LANGUAGE_STANDARD = "gnu++0x";
				CLANG_CXX_LIBRARY = "libc++";
				CLANG_ENABLE_MODULES = YES;
				CLANG_ENABLE_OBJC_ARC = YES;
				CLANG_WARN_BOOL_CONVERSION = YES;
				CLANG_WARN_CONSTANT_CONVERSION = YES;
				CLANG_WARN_DIRECT_OBJC_ISA_USAGE = YES_ERROR;
				CLANG_WARN_DOCUMENTATION_COMMENTS = YES;
				CLANG_WARN_EMPTY_BODY = YES;
				CLANG_WARN_ENUM_CONVERSION = YES;
				CLANG_WARN_INFINITE_RECURSION = YES;
				CLANG_WARN_INT_CONVERSION = YES;
				CLANG_WARN_OBJC_ROOT_CLASS = YES_ERROR;
				CLANG_WARN_SUSPICIOUS_MOVE = YES;
				CLANG_WARN_UNREACHABLE_CODE = YES;
				CLANG_WARN__DUPLICATE_METHOD_MATCH = YES;
				"CODE_SIGN_IDENTITY[sdk=iphoneos*]" = "iPhone Developer";
				COPY_PHASE_STRIP = NO;
				DEBUG_INFORMATION_FORMAT = "dwarf-with-dsym";
				ENABLE_NS_ASSERTIONS = NO;
				ENABLE_STRICT_OBJC_MSGSEND = YES;
				GCC_C_LANGUAGE_STANDARD = gnu99;
				GCC_NO_COMMON_BLOCKS = YES;
				GCC_WARN_64_TO_32_BIT_CONVERSION = YES;
				GCC_WARN_ABOUT_RETURN_TYPE = YES_ERROR;
				GCC_WARN_UNDECLARED_SELECTOR = YES;
				GCC_WARN_UNINITIALIZED_AUTOS = YES_AGGRESSIVE;
				GCC_WARN_UNUSED_FUNCTION = YES;
				GCC_WARN_UNUSED_VARIABLE = YES;
				IPHONEOS_DEPLOYMENT_TARGET = 10.2;
				MTL_ENABLE_DEBUG_INFO = NO;
				SDKROOT = iphoneos;
				TARGETED_DEVICE_FAMILY = "1,2";
				VALIDATE_PRODUCT = YES;
			};
			name = Release;
		};
		40D88C301E24BBCB0015F0FC /* Debug */ = {
			isa = XCBuildConfiguration;
			buildSettings = {
				ASSETCATALOG_COMPILER_APPICON_NAME = AppIcon;
				INFOPLIST_FILE = SelectTableViewDemo/Info.plist;
				LD_RUNPATH_SEARCH_PATHS = "$(inherited) @executable_path/Frameworks";
				PRODUCT_BUNDLE_IDENTIFIER = techcode.SelectTableViewDemo;
				PRODUCT_NAME = "$(TARGET_NAME)";
			};
			name = Debug;
		};
		40D88C311E24BBCB0015F0FC /* Release */ = {
			isa = XCBuildConfiguration;
			buildSettings = {
				ASSETCATALOG_COMPILER_APPICON_NAME = AppIcon;
				INFOPLIST_FILE = SelectTableViewDemo/Info.plist;
				LD_RUNPATH_SEARCH_PATHS = "$(inherited) @executable_path/Frameworks";
				PRODUCT_BUNDLE_IDENTIFIER = techcode.SelectTableViewDemo;
				PRODUCT_NAME = "$(TARGET_NAME)";
			};
			name = Release;
		};
		40D88C331E24BBCB0015F0FC /* Debug */ = {
			isa = XCBuildConfiguration;
			buildSettings = {
				BUNDLE_LOADER = "$(TEST_HOST)";
				INFOPLIST_FILE = SelectTableViewDemoTests/Info.plist;
				LD_RUNPATH_SEARCH_PATHS = "$(inherited) @executable_path/Frameworks @loader_path/Frameworks";
				PRODUCT_BUNDLE_IDENTIFIER = techcode.SelectTableViewDemoTests;
				PRODUCT_NAME = "$(TARGET_NAME)";
				TEST_HOST = "$(BUILT_PRODUCTS_DIR)/SelectTableViewDemo.app/SelectTableViewDemo";
			};
			name = Debug;
		};
		40D88C341E24BBCB0015F0FC /* Release */ = {
			isa = XCBuildConfiguration;
			buildSettings = {
				BUNDLE_LOADER = "$(TEST_HOST)";
				INFOPLIST_FILE = SelectTableViewDemoTests/Info.plist;
				LD_RUNPATH_SEARCH_PATHS = "$(inherited) @executable_path/Frameworks @loader_path/Frameworks";
				PRODUCT_BUNDLE_IDENTIFIER = techcode.SelectTableViewDemoTests;
				PRODUCT_NAME = "$(TARGET_NAME)";
				TEST_HOST = "$(BUILT_PRODUCTS_DIR)/SelectTableViewDemo.app/SelectTableViewDemo";
			};
			name = Release;
		};
		40D88C361E24BBCB0015F0FC /* Debug */ = {
			isa = XCBuildConfiguration;
			buildSettings = {
				INFOPLIST_FILE = SelectTableViewDemoUITests/Info.plist;
				LD_RUNPATH_SEARCH_PATHS = "$(inherited) @executable_path/Frameworks @loader_path/Frameworks";
				PRODUCT_BUNDLE_IDENTIFIER = techcode.SelectTableViewDemoUITests;
				PRODUCT_NAME = "$(TARGET_NAME)";
				TEST_TARGET_NAME = SelectTableViewDemo;
			};
			name = Debug;
		};
		40D88C371E24BBCB0015F0FC /* Release */ = {
			isa = XCBuildConfiguration;
			buildSettings = {
				INFOPLIST_FILE = SelectTableViewDemoUITests/Info.plist;
				LD_RUNPATH_SEARCH_PATHS = "$(inherited) @executable_path/Frameworks @loader_path/Frameworks";
				PRODUCT_BUNDLE_IDENTIFIER = techcode.SelectTableViewDemoUITests;
				PRODUCT_NAME = "$(TARGET_NAME)";
				TEST_TARGET_NAME = SelectTableViewDemo;
			};
			name = Release;
		};
/* End XCBuildConfiguration section */

/* Begin XCConfigurationList section */
		40D88BFD1E24BBCB0015F0FC /* Build configuration list for PBXProject "SelectTableViewDemo" */ = {
			isa = XCConfigurationList;
			buildConfigurations = (
				40D88C2D1E24BBCB0015F0FC /* Debug */,
				40D88C2E1E24BBCB0015F0FC /* Release */,
			);
			defaultConfigurationIsVisible = 0;
			defaultConfigurationName = Release;
		};
		40D88C2F1E24BBCB0015F0FC /* Build configuration list for PBXNativeTarget "SelectTableViewDemo" */ = {
			isa = XCConfigurationList;
			buildConfigurations = (
				40D88C301E24BBCB0015F0FC /* Debug */,
				40D88C311E24BBCB0015F0FC /* Release */,
			);
			defaultConfigurationIsVisible = 0;
			defaultConfigurationName = Release;
		};
		40D88C321E24BBCB0015F0FC /* Build configuration list for PBXNativeTarget "SelectTableViewDemoTests" */ = {
			isa = XCConfigurationList;
			buildConfigurations = (
				40D88C331E24BBCB0015F0FC /* Debug */,
				40D88C341E24BBCB0015F0FC /* Release */,
			);
			defaultConfigurationIsVisible = 0;
			defaultConfigurationName = Release;
		};
		40D88C351E24BBCB0015F0FC /* Build configuration list for PBXNativeTarget "SelectTableViewDemoUITests" */ = {
			isa = XCConfigurationList;
			buildConfigurations = (
				40D88C361E24BBCB0015F0FC /* Debug */,
				40D88C371E24BBCB0015F0FC /* Release */,
			);
			defaultConfigurationIsVisible = 0;
			defaultConfigurationName = Release;
		};
/* End XCConfigurationList section */
	};
	rootObject = 40D88BFA1E24BBCB0015F0FC /* Project object */;
}
